
Microsoft Visual Studio Solution File, Format Version 12.00
# Visual Studio 15
VisualStudioVersion = 15.0.26730.12
MinimumVisualStudioVersion = 10.0.40219.1
Project("{FAE04EC0-301F-11D3-BF4B-00C04F79EFBC}") = "WebExtensions", "WebExtensions\WebExtensions.csproj", "{33061A37-5EB3-4BEE-BA19-9B030DE8D3B0}"
EndProject
Project("{FAE04EC0-301F-11D3-BF4B-00C04F79EFBC}") = "WebExtensions.Tests", "WebExtensions.Tests\WebExtensions.Tests.csproj", "{BCF85E13-FB29-490A-86F1-843250EADB5F}"
EndProject
Global
	GlobalSection(SolutionConfigurationPlatforms) = preSolution
		Debug|Any CPU = Debug|Any CPU
		Release|Any CPU = Release|Any CPU
	EndGlobalSection
	GlobalSection(ProjectConfigurationPlatforms) = postSolution
		{33061A37-5EB3-4BEE-BA19-9B030DE8D3B0}.Debug|Any CPU.ActiveCfg = Debug|Any CPU
		{33061A37-5EB3-4BEE-BA19-9B030DE8D3B0}.Debug|Any CPU.Build.0 = Debug|Any CPU
		{33061A37-5EB3-4BEE-BA19-9B030DE8D3B0}.Release|Any CPU.ActiveCfg = Release|Any CPU
		{33061A37-5EB3-4BEE-BA19-9B030DE8D3B0}.Release|Any CPU.Build.0 = Release|Any CPU
		{BCF85E13-FB29-490A-86F1-843250EADB5F}.Debug|Any CPU.ActiveCfg = Debug|Any CPU
		{BCF85E13-FB29-490A-86F1-843250EADB5F}.Debug|Any CPU.Build.0 = Debug|Any CPU
		{BCF85E13-FB29-490A-86F1-843250EADB5F}.Release|Any CPU.ActiveCfg = Release|Any CPU
		{BCF85E13-FB29-490A-86F1-843250EADB5F}.Release|Any CPU.Build.0 = Release|Any CPU
	EndGlobalSection
	GlobalSection(SolutionProperties) = preSolution
		HideSolutionNode = FALSE
	EndGlobalSection
	GlobalSection(ExtensibilityGlobals) = postSolution
		SolutionGuid = {75616C9F-0DD6-47D7-BC08-468442449617}
	EndGlobalSection
EndGlobal
